// !$*UTF8*$!
{
	archiveVersion = 1;
	classes = {
	};
	objectVersion = 48;
	objects = {

/* Begin PBXBuildFile section */
		CEF0A0631FB62BA7004F95F0 /* AppDelegate.swift in Sources */ = {isa = PBXBuildFile; fileRef = CEF0A0621FB62BA7004F95F0 /* AppDelegate.swift */; };
		CEF0A0651FB62BA7004F95F0 /* GoalsVC.swift in Sources */ = {isa = PBXBuildFile; fileRef = CEF0A0641FB62BA7004F95F0 /* GoalsVC.swift */; };
		CEF0A0681FB62BA7004F95F0 /* Main.storyboard in Resources */ = {isa = PBXBuildFile; fileRef = CEF0A0661FB62BA7004F95F0 /* Main.storyboard */; };
		CEF0A06B1FB62BA7004F95F0 /* goalpost.xcdatamodeld in Sources */ = {isa = PBXBuildFile; fileRef = CEF0A0691FB62BA7004F95F0 /* goalpost.xcdatamodeld */; };
		CEF0A06D1FB62BA7004F95F0 /* Assets.xcassets in Resources */ = {isa = PBXBuildFile; fileRef = CEF0A06C1FB62BA7004F95F0 /* Assets.xcassets */; };
		CEF0A0701FB62BA7004F95F0 /* LaunchScreen.storyboard in Resources */ = {isa = PBXBuildFile; fileRef = CEF0A06E1FB62BA7004F95F0 /* LaunchScreen.storyboard */; };
		CEF0A07C1FB63D0C004F95F0 /* GoalCell.swift in Sources */ = {isa = PBXBuildFile; fileRef = CEF0A07B1FB63D0C004F95F0 /* GoalCell.swift */; };
/* End PBXBuildFile section */

/* Begin PBXFileReference section */
		CEF0A05F1FB62BA7004F95F0 /* goalpost.app */ = {isa = PBXFileReference; explicitFileType = wrapper.application; includeInIndex = 0; path = goalpost.app; sourceTree = BUILT_PRODUCTS_DIR; };
		CEF0A0621FB62BA7004F95F0 /* AppDelegate.swift */ = {isa = PBXFileReference; lastKnownFileType = sourcecode.swift; path = AppDelegate.swift; sourceTree = "<group>"; };
		CEF0A0641FB62BA7004F95F0 /* GoalsVC.swift */ = {isa = PBXFileReference; lastKnownFileType = sourcecode.swift; path = GoalsVC.swift; sourceTree = "<group>"; };
		CEF0A0671FB62BA7004F95F0 /* Base */ = {isa = PBXFileReference; lastKnownFileType = file.storyboard; name = Base; path = Base.lproj/Main.storyboard; sourceTree = "<group>"; };
		CEF0A06A1FB62BA7004F95F0 /* goalpost.xcdatamodel */ = {isa = PBXFileReference; lastKnownFileType = wrapper.xcdatamodel; path = goalpost.xcdatamodel; sourceTree = "<group>"; };
		CEF0A06C1FB62BA7004F95F0 /* Assets.xcassets */ = {isa = PBXFileReference; lastKnownFileType = folder.assetcatalog; path = Assets.xcassets; sourceTree = "<group>"; };
		CEF0A06F1FB62BA7004F95F0 /* Base */ = {isa = PBXFileReference; lastKnownFileType = file.storyboard; name = Base; path = Base.lproj/LaunchScreen.storyboard; sourceTree = "<group>"; };
		CEF0A0711FB62BA7004F95F0 /* Info.plist */ = {isa = PBXFileReference; lastKnownFileType = text.plist.xml; path = Info.plist; sourceTree = "<group>"; };
		CEF0A07B1FB63D0C004F95F0 /* GoalCell.swift */ = {isa = PBXFileReference; lastKnownFileType = sourcecode.swift; path = GoalCell.swift; sourceTree = "<group>"; };
/* End PBXFileReference section */

/* Begin PBXFrameworksBuildPhase section */
		CEF0A05C1FB62BA7004F95F0 /* Frameworks */ = {
			isa = PBXFrameworksBuildPhase;
			buildActionMask = 2147483647;
			files = (
			);
			runOnlyForDeploymentPostprocessing = 0;
		};
/* End PBXFrameworksBuildPhase section */

/* Begin PBXGroup section */
		CEF0A0561FB62BA7004F95F0 = {
			isa = PBXGroup;
			children = (
				CEF0A0611FB62BA7004F95F0 /* goalpost */,
				CEF0A0601FB62BA7004F95F0 /* Products */,
			);
			sourceTree = "<group>";
		};
		CEF0A0601FB62BA7004F95F0 /* Products */ = {
			isa = PBXGroup;
			children = (
				CEF0A05F1FB62BA7004F95F0 /* goalpost.app */,
			);
			name = Products;
			sourceTree = "<group>";
		};
		CEF0A0611FB62BA7004F95F0 /* goalpost */ = {
			isa = PBXGroup;
			children = (
				CEF0A07A1FB62C07004F95F0 /* Extensions */,
				CEF0A0791FB62C02004F95F0 /* Enum */,
				CEF0A0781FB62BED004F95F0 /* Views */,
				CEF0A0771FB62BD6004F95F0 /* Controller */,
				CEF0A0621FB62BA7004F95F0 /* AppDelegate.swift */,
				CEF0A0661FB62BA7004F95F0 /* Main.storyboard */,
				CEF0A06C1FB62BA7004F95F0 /* Assets.xcassets */,
				CEF0A06E1FB62BA7004F95F0 /* LaunchScreen.storyboard */,
				CEF0A0711FB62BA7004F95F0 /* Info.plist */,
				CEF0A0691FB62BA7004F95F0 /* goalpost.xcdatamodeld */,
			);
			path = goalpost;
			sourceTree = "<group>";
		};
		CEF0A0771FB62BD6004F95F0 /* Controller */ = {
			isa = PBXGroup;
			children = (
				CEF0A0641FB62BA7004F95F0 /* GoalsVC.swift */,
			);
			path = Controller;
			sourceTree = "<group>";
		};
		CEF0A0781FB62BED004F95F0 /* Views */ = {
			isa = PBXGroup;
			children = (
				CEF0A07B1FB63D0C004F95F0 /* GoalCell.swift */,
			);
			path = Views;
			sourceTree = "<group>";
		};
		CEF0A0791FB62C02004F95F0 /* Enum */ = {
			isa = PBXGroup;
			children = (
			);
			path = Enum;
			sourceTree = "<group>";
		};
		CEF0A07A1FB62C07004F95F0 /* Extensions */ = {
			isa = PBXGroup;
			children = (
			);
			path = Extensions;
			sourceTree = "<group>";
		};
/* End PBXGroup section */

/* Begin PBXNativeTarget section */
		CEF0A05E1FB62BA7004F95F0 /* goalpost */ = {
			isa = PBXNativeTarget;
			buildConfigurationList = CEF0A0741FB62BA7004F95F0 /* Build configuration list for PBXNativeTarget "goalpost" */;
			buildPhases = (
				CEF0A05B1FB62BA7004F95F0 /* Sources */,
				CEF0A05C1FB62BA7004F95F0 /* Frameworks */,
				CEF0A05D1FB62BA7004F95F0 /* Resources */,
			);
			buildRules = (
			);
			dependencies = (
			);
			name = goalpost;
			productName = goalpost;
			productReference = CEF0A05F1FB62BA7004F95F0 /* goalpost.app */;
			productType = "com.apple.product-type.application";
		};
/* End PBXNativeTarget section */

/* Begin PBXProject section */
		CEF0A0571FB62BA7004F95F0 /* Project object */ = {
			isa = PBXProject;
			attributes = {
				LastSwiftUpdateCheck = 0910;
				LastUpgradeCheck = 0910;
				ORGANIZATIONNAME = Andrew;
				TargetAttributes = {
					CEF0A05E1FB62BA7004F95F0 = {
						CreatedOnToolsVersion = 9.1;
						ProvisioningStyle = Automatic;
					};
				};
			};
			buildConfigurationList = CEF0A05A1FB62BA7004F95F0 /* Build configuration list for PBXProject "goalpost" */;
			compatibilityVersion = "Xcode 8.0";
			developmentRegion = en;
			hasScannedForEncodings = 0;
			knownRegions = (
				en,
				Base,
			);
			mainGroup = CEF0A0561FB62BA7004F95F0;
			productRefGroup = CEF0A0601FB62BA7004F95F0 /* Products */;
			projectDirPath = "";
			projectRoot = "";
			targets = (
				CEF0A05E1FB62BA7004F95F0 /* goalpost */,
			);
		};
/* End PBXProject section */

/* Begin PBXResourcesBuildPhase section */
		CEF0A05D1FB62BA7004F95F0 /* Resources */ = {
			isa = PBXResourcesBuildPhase;
			buildActionMask = 2147483647;
			files = (
				CEF0A0701FB62BA7004F95F0 /* LaunchScreen.storyboard in Resources */,
				CEF0A06D1FB62BA7004F95F0 /* Assets.xcassets in Resources */,
				CEF0A0681FB62BA7004F95F0 /* Main.storyboard in Resources */,
			);
			runOnlyForDeploymentPostprocessing = 0;
		};
/* End PBXResourcesBuildPhase section */

/* Begin PBXSourcesBuildPhase section */
		CEF0A05B1FB62BA7004F95F0 /* Sources */ = {
			isa = PBXSourcesBuildPhase;
			buildActionMask = 2147483647;
			files = (
				CEF0A07C1FB63D0C004F95F0 /* GoalCell.swift in Sources */,
				CEF0A06B1FB62BA7004F95F0 /* goalpost.xcdatamodeld in Sources */,
				CEF0A0651FB62BA7004F95F0 /* GoalsVC.swift in Sources */,
				CEF0A0631FB62BA7004F95F0 /* AppDelegate.swift in Sources */,
			);
			runOnlyForDeploymentPostprocessing = 0;
		};
/* End PBXSourcesBuildPhase section */

/* Begin PBXVariantGroup section */
		CEF0A0661FB62BA7004F95F0 /* Main.storyboard */ = {
			isa = PBXVariantGroup;
			children = (
				CEF0A0671FB62BA7004F95F0 /* Base */,
			);
			name = Main.storyboard;
			sourceTree = "<group>";
		};
		CEF0A06E1FB62BA7004F95F0 /* LaunchScreen.storyboard */ = {
			isa = PBXVariantGroup;
			children = (
				CEF0A06F1FB62BA7004F95F0 /* Base */,
			);
			name = LaunchScreen.storyboard;
			sourceTree = "<group>";
		};
/* End PBXVariantGroup section */

/* Begin XCBuildConfiguration section */
		CEF0A0721FB62BA7004F95F0 /* Debug */ = {
			isa = XCBuildConfiguration;
			buildSettings = {
				ALWAYS_SEARCH_USER_PATHS = NO;
				CLANG_ANALYZER_NONNULL = YES;
				CLANG_ANALYZER_NUMBER_OBJECT_CONVERSION = YES_AGGRESSIVE;
				CLANG_CXX_LANGUAGE_STANDARD = "gnu++14";
				CLANG_CXX_LIBRARY = "libc++";
				CLANG_ENABLE_MODULES = YES;
				CLANG_ENABLE_OBJC_ARC = YES;
				CLANG_WARN_BLOCK_CAPTURE_AUTORELEASING = YES;
				CLANG_WARN_BOOL_CONVERSION = YES;
				CLANG_WARN_COMMA = YES;
				CLANG_WARN_CONSTANT_CONVERSION = YES;
				CLANG_WARN_DIRECT_OBJC_ISA_USAGE = YES_ERROR;
				CLANG_WARN_DOCUMENTATION_COMMENTS = YES;
				CLANG_WARN_EMPTY_BODY = YES;
				CLANG_WARN_ENUM_CONVERSION = YES;
				CLANG_WARN_INFINITE_RECURSION = YES;
				CLANG_WARN_INT_CONVERSION = YES;
				CLANG_WARN_NON_LITERAL_NULL_CONVERSION = YES;
				CLANG_WARN_OBJC_LITERAL_CONVERSION = YES;
				CLANG_WARN_OBJC_ROOT_CLASS = YES_ERROR;
				CLANG_WARN_RANGE_LOOP_ANALYSIS = YES;
				CLANG_WARN_STRICT_PROTOTYPES = YES;
				CLANG_WARN_SUSPICIOUS_MOVE = YES;
				CLANG_WARN_UNGUARDED_AVAILABILITY = YES_AGGRESSIVE;
				CLANG_WARN_UNREACHABLE_CODE = YES;
				CLANG_WARN__DUPLICATE_METHOD_MATCH = YES;
				CODE_SIGN_IDENTITY = "iPhone Developer";
				COPY_PHASE_STRIP = NO;
				DEBUG_INFORMATION_FORMAT = dwarf;
				ENABLE_STRICT_OBJC_MSGSEND = YES;
				ENABLE_TESTABILITY = YES;
				GCC_C_LANGUAGE_STANDARD = gnu11;
				GCC_DYNAMIC_NO_PIC = NO;
				GCC_NO_COMMON_BLOCKS = YES;
				GCC_OPTIMIZATION_LEVEL = 0;
				GCC_PREPROCESSOR_DEFINITIONS = (
					"DEBUG=1",
					"$(inherited)",
				);
				GCC_WARN_64_TO_32_BIT_CONVERSION = YES;
				GCC_WARN_ABOUT_RETURN_TYPE = YES_ERROR;
				GCC_WARN_UNDECLARED_SELECTOR = YES;
				GCC_WARN_UNINITIALIZED_AUTOS = YES_AGGRESSIVE;
				GCC_WARN_UNUSED_FUNCTION = YES;
				GCC_WARN_UNUSED_VARIABLE = YES;
				IPHONEOS_DEPLOYMENT_TARGET = 11.1;
				MTL_ENABLE_DEBUG_INFO = YES;
				ONLY_ACTIVE_ARCH = YES;
				SDKROOT = iphoneos;
				SWIFT_ACTIVE_COMPILATION_CONDITIONS = DEBUG;
				SWIFT_OPTIMIZATION_LEVEL = "-Onone";
			};
			name = Debug;
		};
		CEF0A0731FB62BA7004F95F0 /* Release */ = {
			isa = XCBuildConfiguration;
			buildSettings = {
				ALWAYS_SEARCH_USER_PATHS = NO;
				CLANG_ANALYZER_NONNULL = YES;
				CLANG_ANALYZER_NUMBER_OBJECT_CONVERSION = YES_AGGRESSIVE;
				CLANG_CXX_LANGUAGE_STANDARD = "gnu++14";
				CLANG_CXX_LIBRARY = "libc++";
				CLANG_ENABLE_MODULES = YES;
				CLANG_ENABLE_OBJC_ARC = YES;
				CLANG_WARN_BLOCK_CAPTURE_AUTORELEASING = YES;
				CLANG_WARN_BOOL_CONVERSION = YES;
				CLANG_WARN_COMMA = YES;
				CLANG_WARN_CONSTANT_CONVERSION = YES;
				CLANG_WARN_DIRECT_OBJC_ISA_USAGE = YES_ERROR;
				CLANG_WARN_DOCUMENTATION_COMMENTS = YES;
				CLANG_WARN_EMPTY_BODY = YES;
				CLANG_WARN_ENUM_CONVERSION = YES;
				CLANG_WARN_INFINITE_RECURSION = YES;
				CLANG_WARN_INT_CONVERSION = YES;
				CLANG_WARN_NON_LITERAL_NULL_CONVERSION = YES;
				CLANG_WARN_OBJC_LITERAL_CONVERSION = YES;
				CLANG_WARN_OBJC_ROOT_CLASS = YES_ERROR;
				CLANG_WARN_RANGE_LOOP_ANALYSIS = YES;
				CLANG_WARN_STRICT_PROTOTYPES = YES;
				CLANG_WARN_SUSPICIOUS_MOVE = YES;
				CLANG_WARN_UNGUARDED_AVAILABILITY = YES_AGGRESSIVE;
				CLANG_WARN_UNREACHABLE_CODE = YES;
				CLANG_WARN__DUPLICATE_METHOD_MATCH = YES;
				CODE_SIGN_IDENTITY = "iPhone Developer";
				COPY_PHASE_STRIP = NO;
				DEBUG_INFORMATION_FORMAT = "dwarf-with-dsym";
				ENABLE_NS_ASSERTIONS = NO;
				ENABLE_STRICT_OBJC_MSGSEND = YES;
				GCC_C_LANGUAGE_STANDARD = gnu11;
				GCC_NO_COMMON_BLOCKS = YES;
				GCC_WARN_64_TO_32_BIT_CONVERSION = YES;
				GCC_WARN_ABOUT_RETURN_TYPE = YES_ERROR;
				GCC_WARN_UNDECLARED_SELECTOR = YES;
				GCC_WARN_UNINITIALIZED_AUTOS = YES_AGGRESSIVE;
				GCC_WARN_UNUSED_FUNCTION = YES;
				GCC_WARN_UNUSED_VARIABLE = YES;
				IPHONEOS_DEPLOYMENT_TARGET = 11.1;
				MTL_ENABLE_DEBUG_INFO = NO;
				SDKROOT = iphoneos;
				SWIFT_OPTIMIZATION_LEVEL = "-Owholemodule";
				VALIDATE_PRODUCT = YES;
			};
			name = Release;
		};
		CEF0A0751FB62BA7004F95F0 /* Debug */ = {
			isa = XCBuildConfiguration;
			buildSettings = {
				ASSETCATALOG_COMPILER_APPICON_NAME = AppIcon;
				CODE_SIGN_STYLE = Automatic;
				DEVELOPMENT_TEAM = 5JDWB348S4;
				INFOPLIST_FILE = goalpost/Info.plist;
				LD_RUNPATH_SEARCH_PATHS = "$(inherited) @executable_path/Frameworks";
				PRODUCT_BUNDLE_IDENTIFIER = com.miller.goalpost;
				PRODUCT_NAME = "$(TARGET_NAME)";
				SWIFT_VERSION = 4.0;
				TARGETED_DEVICE_FAMILY = "1,2";
			};
			name = Debug;
		};
		CEF0A0761FB62BA7004F95F0 /* Release */ = {
			isa = XCBuildConfiguration;
			buildSettings = {
				ASSETCATALOG_COMPILER_APPICON_NAME = AppIcon;
				CODE_SIGN_STYLE = Automatic;
				DEVELOPMENT_TEAM = 5JDWB348S4;
				INFOPLIST_FILE = goalpost/Info.plist;
				LD_RUNPATH_SEARCH_PATHS = "$(inherited) @executable_path/Frameworks";
				PRODUCT_BUNDLE_IDENTIFIER = com.miller.goalpost;
				PRODUCT_NAME = "$(TARGET_NAME)";
				SWIFT_VERSION = 4.0;
				TARGETED_DEVICE_FAMILY = "1,2";
			};
			name = Release;
		};
/* End XCBuildConfiguration section */

/* Begin XCConfigurationList section */
		CEF0A05A1FB62BA7004F95F0 /* Build configuration list for PBXProject "goalpost" */ = {
			isa = XCConfigurationList;
			buildConfigurations = (
				CEF0A0721FB62BA7004F95F0 /* Debug */,
				CEF0A0731FB62BA7004F95F0 /* Release */,
			);
			defaultConfigurationIsVisible = 0;
			defaultConfigurationName = Release;
		};
		CEF0A0741FB62BA7004F95F0 /* Build configuration list for PBXNativeTarget "goalpost" */ = {
			isa = XCConfigurationList;
			buildConfigurations = (
				CEF0A0751FB62BA7004F95F0 /* Debug */,
				CEF0A0761FB62BA7004F95F0 /* Release */,
			);
			defaultConfigurationIsVisible = 0;
			defaultConfigurationName = Release;
		};
/* End XCConfigurationList section */

/* Begin XCVersionGroup section */
		CEF0A0691FB62BA7004F95F0 /* goalpost.xcdatamodeld */ = {
			isa = XCVersionGroup;
			children = (
				CEF0A06A1FB62BA7004F95F0 /* goalpost.xcdatamodel */,
			);
			currentVersion = CEF0A06A1FB62BA7004F95F0 /* goalpost.xcdatamodel */;
			path = goalpost.xcdatamodeld;
			sourceTree = "<group>";
			versionGroupType = wrapper.xcdatamodel;
		};
/* End XCVersionGroup section */
	};
	rootObject = CEF0A0571FB62BA7004F95F0 /* Project object */;
}
